
Microsoft Visual Studio Solution File, Format Version 12.00
# Visual Studio Version 17
VisualStudioVersion = 17.8.34322.80
MinimumVisualStudioVersion = 10.0.40219.1
Project("{9A19103F-16F7-4668-BE54-9A1E7A4F7556}") = "BeginToCode", "BeginToCode\BeginToCode.csproj", "{98EABF50-94AF-4C59-BD3D-5E158C4BEDF4}"
EndProject
Project("{9A19103F-16F7-4668-BE54-9A1E7A4F7556}") = "Adding4Numbers", "Adding4Numbers\Adding4Numbers.csproj", "{B5A3A859-790D-4AFC-AA88-0E59C1DC5DFD}"
EndProject
Project("{9A19103F-16F7-4668-BE54-9A1E7A4F7556}") = "ProgramExecutionTest", "ProgramExecutionTest\ProgramExecutionTest.csproj", "{CE303A03-E646-4152-84F5-F79F5CA13F70}"
EndProject
Project("{9A19103F-16F7-4668-BE54-9A1E7A4F7556}") = "LargestNumber", "Cinema\LargestNumber.csproj", "{B8619F98-A9DE-443E-86D5-0562EA2E4129}"
EndProject
Project("{9A19103F-16F7-4668-BE54-9A1E7A4F7556}") = "LargestNumber3", "LargestNumber3\LargestNumber3.csproj", "{2B5DB48F-DFF6-4D40-9853-AE102D888104}"
EndProject
Project("{9A19103F-16F7-4668-BE54-9A1E7A4F7556}") = "LargestNumber20", "LargestNumber20\LargestNumber20.csproj", "{2537C856-350E-4C45-BA41-23D69C23C220}"
EndProject
Project("{9A19103F-16F7-4668-BE54-9A1E7A4F7556}") = "List", "List\List.csproj", "{1C39301B-45B7-4675-8AA3-CCE5AB316808}"
EndProject
Project("{9A19103F-16F7-4668-BE54-9A1E7A4F7556}") = "Struct", "Struct\Struct.csproj", "{819CAE70-A7E3-4963-B7BD-E127D7001138}"
EndProject
Project("{9A19103F-16F7-4668-BE54-9A1E7A4F7556}") = "Struct100Student", "Struct100Student\Struct100Student.csproj", "{C9B5EB21-2CE0-47F9-B63D-C72B03697F7B}"
EndProject
Project("{9A19103F-16F7-4668-BE54-9A1E7A4F7556}") = "CricketPlayer", "CricketPlayer\CricketPlayer.csproj", "{09186A19-6474-469E-9786-03E1B1416D63}"
EndProject
Project("{9A19103F-16F7-4668-BE54-9A1E7A4F7556}") = "w17_Method_Library", "w17_Method_Library\w17_Method_Library.csproj", "{E9C09AF6-B1BE-4FE6-B204-E0927C88B61B}"
EndProject
Project("{9A19103F-16F7-4668-BE54-9A1E7A4F7556}") = "DayOffRequest", "DayOffRequest\DayOffRequest.csproj", "{B9610579-E51D-4CD7-86BD-BFD6717971E5}"
EndProject
Project("{9A19103F-16F7-4668-BE54-9A1E7A4F7556}") = "WidthdrawMoneyATM", "WidthdrawMoneyATM\WidthdrawMoneyATM.csproj", "{0F41DFD4-5F42-4B09-89A2-80113CB7206E}"
EndProject
Project("{9A19103F-16F7-4668-BE54-9A1E7A4F7556}") = "Register", "Register\Register.csproj", "{A89E155D-BE30-4340-9213-E36487DD32C2}"
EndProject
Project("{FAE04EC0-301F-11D3-BF4B-00C04F79EFBC}") = "ReadFile", "ReadFile\ReadFile.csproj", "{B20BFCFF-5314-496D-9D16-C06B376780C8}"
EndProject
Global
	GlobalSection(SolutionConfigurationPlatforms) = preSolution
		Debug|Any CPU = Debug|Any CPU
		Release|Any CPU = Release|Any CPU
	EndGlobalSection
	GlobalSection(ProjectConfigurationPlatforms) = postSolution
		{98EABF50-94AF-4C59-BD3D-5E158C4BEDF4}.Debug|Any CPU.ActiveCfg = Debug|Any CPU
		{98EABF50-94AF-4C59-BD3D-5E158C4BEDF4}.Debug|Any CPU.Build.0 = Debug|Any CPU
		{98EABF50-94AF-4C59-BD3D-5E158C4BEDF4}.Release|Any CPU.ActiveCfg = Release|Any CPU
		{98EABF50-94AF-4C59-BD3D-5E158C4BEDF4}.Release|Any CPU.Build.0 = Release|Any CPU
		{B5A3A859-790D-4AFC-AA88-0E59C1DC5DFD}.Debug|Any CPU.ActiveCfg = Debug|Any CPU
		{B5A3A859-790D-4AFC-AA88-0E59C1DC5DFD}.Debug|Any CPU.Build.0 = Debug|Any CPU
		{B5A3A859-790D-4AFC-AA88-0E59C1DC5DFD}.Release|Any CPU.ActiveCfg = Release|Any CPU
		{B5A3A859-790D-4AFC-AA88-0E59C1DC5DFD}.Release|Any CPU.Build.0 = Release|Any CPU
		{CE303A03-E646-4152-84F5-F79F5CA13F70}.Debug|Any CPU.ActiveCfg = Debug|Any CPU
		{CE303A03-E646-4152-84F5-F79F5CA13F70}.Debug|Any CPU.Build.0 = Debug|Any CPU
		{CE303A03-E646-4152-84F5-F79F5CA13F70}.Release|Any CPU.ActiveCfg = Release|Any CPU
		{CE303A03-E646-4152-84F5-F79F5CA13F70}.Release|Any CPU.Build.0 = Release|Any CPU
		{B8619F98-A9DE-443E-86D5-0562EA2E4129}.Debug|Any CPU.ActiveCfg = Debug|Any CPU
		{B8619F98-A9DE-443E-86D5-0562EA2E4129}.Debug|Any CPU.Build.0 = Debug|Any CPU
		{B8619F98-A9DE-443E-86D5-0562EA2E4129}.Release|Any CPU.ActiveCfg = Release|Any CPU
		{B8619F98-A9DE-443E-86D5-0562EA2E4129}.Release|Any CPU.Build.0 = Release|Any CPU
		{2B5DB48F-DFF6-4D40-9853-AE102D888104}.Debug|Any CPU.ActiveCfg = Debug|Any CPU
		{2B5DB48F-DFF6-4D40-9853-AE102D888104}.Debug|Any CPU.Build.0 = Debug|Any CPU
		{2B5DB48F-DFF6-4D40-9853-AE102D888104}.Release|Any CPU.ActiveCfg = Release|Any CPU
		{2B5DB48F-DFF6-4D40-9853-AE102D888104}.Release|Any CPU.Build.0 = Release|Any CPU
		{2537C856-350E-4C45-BA41-23D69C23C220}.Debug|Any CPU.ActiveCfg = Debug|Any CPU
		{2537C856-350E-4C45-BA41-23D69C23C220}.Debug|Any CPU.Build.0 = Debug|Any CPU
		{2537C856-350E-4C45-BA41-23D69C23C220}.Release|Any CPU.ActiveCfg = Release|Any CPU
		{2537C856-350E-4C45-BA41-23D69C23C220}.Release|Any CPU.Build.0 = Release|Any CPU
		{1C39301B-45B7-4675-8AA3-CCE5AB316808}.Debug|Any CPU.ActiveCfg = Debug|Any CPU
		{1C39301B-45B7-4675-8AA3-CCE5AB316808}.Debug|Any CPU.Build.0 = Debug|Any CPU
		{1C39301B-45B7-4675-8AA3-CCE5AB316808}.Release|Any CPU.ActiveCfg = Release|Any CPU
		{1C39301B-45B7-4675-8AA3-CCE5AB316808}.Release|Any CPU.Build.0 = Release|Any CPU
		{819CAE70-A7E3-4963-B7BD-E127D7001138}.Debug|Any CPU.ActiveCfg = Debug|Any CPU
		{819CAE70-A7E3-4963-B7BD-E127D7001138}.Debug|Any CPU.Build.0 = Debug|Any CPU
		{819CAE70-A7E3-4963-B7BD-E127D7001138}.Release|Any CPU.ActiveCfg = Release|Any CPU
		{819CAE70-A7E3-4963-B7BD-E127D7001138}.Release|Any CPU.Build.0 = Release|Any CPU
		{C9B5EB21-2CE0-47F9-B63D-C72B03697F7B}.Debug|Any CPU.ActiveCfg = Debug|Any CPU
		{C9B5EB21-2CE0-47F9-B63D-C72B03697F7B}.Debug|Any CPU.Build.0 = Debug|Any CPU
		{C9B5EB21-2CE0-47F9-B63D-C72B03697F7B}.Release|Any CPU.ActiveCfg = Release|Any CPU
		{C9B5EB21-2CE0-47F9-B63D-C72B03697F7B}.Release|Any CPU.Build.0 = Release|Any CPU
		{09186A19-6474-469E-9786-03E1B1416D63}.Debug|Any CPU.ActiveCfg = Debug|Any CPU
		{09186A19-6474-469E-9786-03E1B1416D63}.Debug|Any CPU.Build.0 = Debug|Any CPU
		{09186A19-6474-469E-9786-03E1B1416D63}.Release|Any CPU.ActiveCfg = Release|Any CPU
		{09186A19-6474-469E-9786-03E1B1416D63}.Release|Any CPU.Build.0 = Release|Any CPU
		{E9C09AF6-B1BE-4FE6-B204-E0927C88B61B}.Debug|Any CPU.ActiveCfg = Debug|Any CPU
		{E9C09AF6-B1BE-4FE6-B204-E0927C88B61B}.Debug|Any CPU.Build.0 = Debug|Any CPU
		{E9C09AF6-B1BE-4FE6-B204-E0927C88B61B}.Release|Any CPU.ActiveCfg = Release|Any CPU
		{E9C09AF6-B1BE-4FE6-B204-E0927C88B61B}.Release|Any CPU.Build.0 = Release|Any CPU
		{B9610579-E51D-4CD7-86BD-BFD6717971E5}.Debug|Any CPU.ActiveCfg = Debug|Any CPU
		{B9610579-E51D-4CD7-86BD-BFD6717971E5}.Debug|Any CPU.Build.0 = Debug|Any CPU
		{B9610579-E51D-4CD7-86BD-BFD6717971E5}.Release|Any CPU.ActiveCfg = Release|Any CPU
		{B9610579-E51D-4CD7-86BD-BFD6717971E5}.Release|Any CPU.Build.0 = Release|Any CPU
		{0F41DFD4-5F42-4B09-89A2-80113CB7206E}.Debug|Any CPU.ActiveCfg = Debug|Any CPU
		{0F41DFD4-5F42-4B09-89A2-80113CB7206E}.Debug|Any CPU.Build.0 = Debug|Any CPU
		{0F41DFD4-5F42-4B09-89A2-80113CB7206E}.Release|Any CPU.ActiveCfg = Release|Any CPU
		{0F41DFD4-5F42-4B09-89A2-80113CB7206E}.Release|Any CPU.Build.0 = Release|Any CPU
		{A89E155D-BE30-4340-9213-E36487DD32C2}.Debug|Any CPU.ActiveCfg = Debug|Any CPU
		{A89E155D-BE30-4340-9213-E36487DD32C2}.Debug|Any CPU.Build.0 = Debug|Any CPU
		{A89E155D-BE30-4340-9213-E36487DD32C2}.Release|Any CPU.ActiveCfg = Release|Any CPU
		{A89E155D-BE30-4340-9213-E36487DD32C2}.Release|Any CPU.Build.0 = Release|Any CPU
		{B20BFCFF-5314-496D-9D16-C06B376780C8}.Debug|Any CPU.ActiveCfg = Debug|Any CPU
		{B20BFCFF-5314-496D-9D16-C06B376780C8}.Debug|Any CPU.Build.0 = Debug|Any CPU
		{B20BFCFF-5314-496D-9D16-C06B376780C8}.Release|Any CPU.ActiveCfg = Release|Any CPU
		{B20BFCFF-5314-496D-9D16-C06B376780C8}.Release|Any CPU.Build.0 = Release|Any CPU
	EndGlobalSection
	GlobalSection(SolutionProperties) = preSolution
		HideSolutionNode = FALSE
	EndGlobalSection
	GlobalSection(ExtensibilityGlobals) = postSolution
		SolutionGuid = {A48F8E7E-9C87-4E5A-B01A-5F3FAD6B9B01}
	EndGlobalSection
EndGlobal
