
Microsoft Visual Studio Solution File, Format Version 12.00
# Visual Studio Version 17
VisualStudioVersion = 17.7.34031.279
MinimumVisualStudioVersion = 10.0.40219.1
Project("{9A19103F-16F7-4668-BE54-9A1E7A4F7556}") = "Ex01", "Ex01\Ex01.csproj", "{E3CD6514-31AE-453B-AD90-5C2450E94D36}"
EndProject
Project("{9A19103F-16F7-4668-BE54-9A1E7A4F7556}") = "Ex02", "Ex02\Ex02.csproj", "{23835E47-5E40-4E31-A1F3-4F903C0DFE2E}"
EndProject
Project("{9A19103F-16F7-4668-BE54-9A1E7A4F7556}") = "Ex03", "Ex03\Ex03.csproj", "{A868DD7B-5E09-464F-8C50-99F2027799FE}"
EndProject
Project("{9A19103F-16F7-4668-BE54-9A1E7A4F7556}") = "Ex04", "Ex04\Ex04.csproj", "{D7123C5D-6005-4B8F-A0D6-C4702E56109C}"
EndProject
Project("{9A19103F-16F7-4668-BE54-9A1E7A4F7556}") = "Ex05", "Ex05\Ex05.csproj", "{6744F030-EB96-401B-BC24-C07021C7FEE9}"
EndProject
Project("{9A19103F-16F7-4668-BE54-9A1E7A4F7556}") = "Ex06", "Ex06\Ex06.csproj", "{29C830EB-7B09-4B5C-91B9-9C6AD6BFC6F7}"
EndProject
Project("{9A19103F-16F7-4668-BE54-9A1E7A4F7556}") = "Ex06_pluspromax", "Ex06_pluspromax\Ex06_pluspromax.csproj", "{F8AF25E0-06FA-4401-B539-12844846DAF7}"
EndProject
Project("{9A19103F-16F7-4668-BE54-9A1E7A4F7556}") = "Ex07", "Ex07\Ex07.csproj", "{2AFDBE05-2868-4491-9CBB-834ACBE12E49}"
EndProject
Project("{9A19103F-16F7-4668-BE54-9A1E7A4F7556}") = "Ex08", "Ex08\Ex08.csproj", "{26457324-8348-44CA-953F-94F19BF14239}"
EndProject
Project("{9A19103F-16F7-4668-BE54-9A1E7A4F7556}") = "Ex09", "Ex09\Ex09.csproj", "{051779C3-B7E6-4753-945D-12BB161FD567}"
EndProject
Project("{9A19103F-16F7-4668-BE54-9A1E7A4F7556}") = "Ex10", "Ex10\Ex10.csproj", "{1A34EAE7-64B4-4133-886F-50663169F9B3}"
EndProject
Project("{9A19103F-16F7-4668-BE54-9A1E7A4F7556}") = "Ex11", "Ex11\Ex11.csproj", "{676673BD-B31F-4ED8-88D4-3488A6DBFDF0}"
EndProject
Project("{9A19103F-16F7-4668-BE54-9A1E7A4F7556}") = "Exercises", "Excercises\Exercises.csproj", "{1A03A6E6-826A-44BB-969F-DE77C177F964}"
EndProject
Global
	GlobalSection(SolutionConfigurationPlatforms) = preSolution
		Debug|Any CPU = Debug|Any CPU
		Release|Any CPU = Release|Any CPU
	EndGlobalSection
	GlobalSection(ProjectConfigurationPlatforms) = postSolution
		{E3CD6514-31AE-453B-AD90-5C2450E94D36}.Debug|Any CPU.ActiveCfg = Debug|Any CPU
		{E3CD6514-31AE-453B-AD90-5C2450E94D36}.Debug|Any CPU.Build.0 = Debug|Any CPU
		{E3CD6514-31AE-453B-AD90-5C2450E94D36}.Release|Any CPU.ActiveCfg = Release|Any CPU
		{E3CD6514-31AE-453B-AD90-5C2450E94D36}.Release|Any CPU.Build.0 = Release|Any CPU
		{23835E47-5E40-4E31-A1F3-4F903C0DFE2E}.Debug|Any CPU.ActiveCfg = Debug|Any CPU
		{23835E47-5E40-4E31-A1F3-4F903C0DFE2E}.Debug|Any CPU.Build.0 = Debug|Any CPU
		{23835E47-5E40-4E31-A1F3-4F903C0DFE2E}.Release|Any CPU.ActiveCfg = Release|Any CPU
		{23835E47-5E40-4E31-A1F3-4F903C0DFE2E}.Release|Any CPU.Build.0 = Release|Any CPU
		{A868DD7B-5E09-464F-8C50-99F2027799FE}.Debug|Any CPU.ActiveCfg = Debug|Any CPU
		{A868DD7B-5E09-464F-8C50-99F2027799FE}.Debug|Any CPU.Build.0 = Debug|Any CPU
		{A868DD7B-5E09-464F-8C50-99F2027799FE}.Release|Any CPU.ActiveCfg = Release|Any CPU
		{A868DD7B-5E09-464F-8C50-99F2027799FE}.Release|Any CPU.Build.0 = Release|Any CPU
		{D7123C5D-6005-4B8F-A0D6-C4702E56109C}.Debug|Any CPU.ActiveCfg = Debug|Any CPU
		{D7123C5D-6005-4B8F-A0D6-C4702E56109C}.Debug|Any CPU.Build.0 = Debug|Any CPU
		{D7123C5D-6005-4B8F-A0D6-C4702E56109C}.Release|Any CPU.ActiveCfg = Release|Any CPU
		{D7123C5D-6005-4B8F-A0D6-C4702E56109C}.Release|Any CPU.Build.0 = Release|Any CPU
		{6744F030-EB96-401B-BC24-C07021C7FEE9}.Debug|Any CPU.ActiveCfg = Debug|Any CPU
		{6744F030-EB96-401B-BC24-C07021C7FEE9}.Debug|Any CPU.Build.0 = Debug|Any CPU
		{6744F030-EB96-401B-BC24-C07021C7FEE9}.Release|Any CPU.ActiveCfg = Release|Any CPU
		{6744F030-EB96-401B-BC24-C07021C7FEE9}.Release|Any CPU.Build.0 = Release|Any CPU
		{29C830EB-7B09-4B5C-91B9-9C6AD6BFC6F7}.Debug|Any CPU.ActiveCfg = Debug|Any CPU
		{29C830EB-7B09-4B5C-91B9-9C6AD6BFC6F7}.Debug|Any CPU.Build.0 = Debug|Any CPU
		{29C830EB-7B09-4B5C-91B9-9C6AD6BFC6F7}.Release|Any CPU.ActiveCfg = Release|Any CPU
		{29C830EB-7B09-4B5C-91B9-9C6AD6BFC6F7}.Release|Any CPU.Build.0 = Release|Any CPU
		{F8AF25E0-06FA-4401-B539-12844846DAF7}.Debug|Any CPU.ActiveCfg = Debug|Any CPU
		{F8AF25E0-06FA-4401-B539-12844846DAF7}.Debug|Any CPU.Build.0 = Debug|Any CPU
		{F8AF25E0-06FA-4401-B539-12844846DAF7}.Release|Any CPU.ActiveCfg = Release|Any CPU
		{F8AF25E0-06FA-4401-B539-12844846DAF7}.Release|Any CPU.Build.0 = Release|Any CPU
		{2AFDBE05-2868-4491-9CBB-834ACBE12E49}.Debug|Any CPU.ActiveCfg = Debug|Any CPU
		{2AFDBE05-2868-4491-9CBB-834ACBE12E49}.Debug|Any CPU.Build.0 = Debug|Any CPU
		{2AFDBE05-2868-4491-9CBB-834ACBE12E49}.Release|Any CPU.ActiveCfg = Release|Any CPU
		{2AFDBE05-2868-4491-9CBB-834ACBE12E49}.Release|Any CPU.Build.0 = Release|Any CPU
		{26457324-8348-44CA-953F-94F19BF14239}.Debug|Any CPU.ActiveCfg = Debug|Any CPU
		{26457324-8348-44CA-953F-94F19BF14239}.Debug|Any CPU.Build.0 = Debug|Any CPU
		{26457324-8348-44CA-953F-94F19BF14239}.Release|Any CPU.ActiveCfg = Release|Any CPU
		{26457324-8348-44CA-953F-94F19BF14239}.Release|Any CPU.Build.0 = Release|Any CPU
		{051779C3-B7E6-4753-945D-12BB161FD567}.Debug|Any CPU.ActiveCfg = Debug|Any CPU
		{051779C3-B7E6-4753-945D-12BB161FD567}.Debug|Any CPU.Build.0 = Debug|Any CPU
		{051779C3-B7E6-4753-945D-12BB161FD567}.Release|Any CPU.ActiveCfg = Release|Any CPU
		{051779C3-B7E6-4753-945D-12BB161FD567}.Release|Any CPU.Build.0 = Release|Any CPU
		{1A34EAE7-64B4-4133-886F-50663169F9B3}.Debug|Any CPU.ActiveCfg = Debug|Any CPU
		{1A34EAE7-64B4-4133-886F-50663169F9B3}.Debug|Any CPU.Build.0 = Debug|Any CPU
		{1A34EAE7-64B4-4133-886F-50663169F9B3}.Release|Any CPU.ActiveCfg = Release|Any CPU
		{1A34EAE7-64B4-4133-886F-50663169F9B3}.Release|Any CPU.Build.0 = Release|Any CPU
		{676673BD-B31F-4ED8-88D4-3488A6DBFDF0}.Debug|Any CPU.ActiveCfg = Debug|Any CPU
		{676673BD-B31F-4ED8-88D4-3488A6DBFDF0}.Debug|Any CPU.Build.0 = Debug|Any CPU
		{676673BD-B31F-4ED8-88D4-3488A6DBFDF0}.Release|Any CPU.ActiveCfg = Release|Any CPU
		{676673BD-B31F-4ED8-88D4-3488A6DBFDF0}.Release|Any CPU.Build.0 = Release|Any CPU
		{1A03A6E6-826A-44BB-969F-DE77C177F964}.Debug|Any CPU.ActiveCfg = Debug|Any CPU
		{1A03A6E6-826A-44BB-969F-DE77C177F964}.Debug|Any CPU.Build.0 = Debug|Any CPU
		{1A03A6E6-826A-44BB-969F-DE77C177F964}.Release|Any CPU.ActiveCfg = Release|Any CPU
		{1A03A6E6-826A-44BB-969F-DE77C177F964}.Release|Any CPU.Build.0 = Release|Any CPU
	EndGlobalSection
	GlobalSection(SolutionProperties) = preSolution
		HideSolutionNode = FALSE
	EndGlobalSection
	GlobalSection(ExtensibilityGlobals) = postSolution
		SolutionGuid = {C28F6CA1-DF2D-42BF-9577-F849E97CCD52}
	EndGlobalSection
EndGlobal
